
Microsoft Visual Studio Solution File, Format Version 12.00
# Visual Studio 15
VisualStudioVersion = 15.0.28307.1082
MinimumVisualStudioVersion = 10.0.40219.1
Project("{FAE04EC0-301F-11D3-BF4B-00C04F79EFBC}") = "PracticandoMVC", "PracticandoMVC\PracticandoMVC.csproj", "{388F07D2-BE36-4671-B1C7-5282E008E17C}"
EndProject
Project("{FAE04EC0-301F-11D3-BF4B-00C04F79EFBC}") = "PracticandoMVC.Tests", "PracticandoMVC.Tests\PracticandoMVC.Tests.csproj", "{FC4E8F54-C96D-46BD-89A4-00A082718CB8}"
EndProject
Global
	GlobalSection(SolutionConfigurationPlatforms) = preSolution
		Debug|Any CPU = Debug|Any CPU
		Release|Any CPU = Release|Any CPU
	EndGlobalSection
	GlobalSection(ProjectConfigurationPlatforms) = postSolution
		{388F07D2-BE36-4671-B1C7-5282E008E17C}.Debug|Any CPU.ActiveCfg = Debug|Any CPU
		{388F07D2-BE36-4671-B1C7-5282E008E17C}.Debug|Any CPU.Build.0 = Debug|Any CPU
		{388F07D2-BE36-4671-B1C7-5282E008E17C}.Release|Any CPU.ActiveCfg = Release|Any CPU
		{388F07D2-BE36-4671-B1C7-5282E008E17C}.Release|Any CPU.Build.0 = Release|Any CPU
		{FC4E8F54-C96D-46BD-89A4-00A082718CB8}.Debug|Any CPU.ActiveCfg = Debug|Any CPU
		{FC4E8F54-C96D-46BD-89A4-00A082718CB8}.Debug|Any CPU.Build.0 = Debug|Any CPU
		{FC4E8F54-C96D-46BD-89A4-00A082718CB8}.Release|Any CPU.ActiveCfg = Release|Any CPU
		{FC4E8F54-C96D-46BD-89A4-00A082718CB8}.Release|Any CPU.Build.0 = Release|Any CPU
	EndGlobalSection
	GlobalSection(SolutionProperties) = preSolution
		HideSolutionNode = FALSE
	EndGlobalSection
	GlobalSection(ExtensibilityGlobals) = postSolution
		SolutionGuid = {6F39F697-AC57-4D31-A9D5-F2E4D7CBA150}
	EndGlobalSection
EndGlobal
